// !$*UTF8*$!
{
	archiveVersion = 1;
	classes = {
	};
	objectVersion = 46;
	objects = {

/* Begin PBXBuildFile section */
		841D5B1A1F568F4A00B24FEE /* AirPrice.storyboard in Resources */ = {isa = PBXBuildFile; fileRef = 841D5B191F568F4A00B24FEE /* AirPrice.storyboard */; };
		841D5B1E1F56915000B24FEE /* HotelIssued.storyboard in Resources */ = {isa = PBXBuildFile; fileRef = 841D5B1D1F56915000B24FEE /* HotelIssued.storyboard */; };
		841D5B211F56923A00B24FEE /* AirPriceViewController.m in Sources */ = {isa = PBXBuildFile; fileRef = 841D5B201F56923A00B24FEE /* AirPriceViewController.m */; };
		841D5B241F56943300B24FEE /* HotelIssuedViewController.m in Sources */ = {isa = PBXBuildFile; fileRef = 841D5B231F56943300B24FEE /* HotelIssuedViewController.m */; };
		841D5B291F56B16F00B24FEE /* ReleaseHotelViewController.m in Sources */ = {isa = PBXBuildFile; fileRef = 841D5B281F56B16F00B24FEE /* ReleaseHotelViewController.m */; };
		841D5B2C1F56B48A00B24FEE /* MyHotelTableViewCell.m in Sources */ = {isa = PBXBuildFile; fileRef = 841D5B2B1F56B48A00B24FEE /* MyHotelTableViewCell.m */; };
		84675FF81F6138A200CB3874 /* FindHotelModel.m in Sources */ = {isa = PBXBuildFile; fileRef = 84675FF71F6138A200CB3874 /* FindHotelModel.m */; };
		84675FFC1F6139CC00CB3874 /* ZLImageViewDisplayView.m in Sources */ = {isa = PBXBuildFile; fileRef = 84675FFB1F6139CC00CB3874 /* ZLImageViewDisplayView.m */; };
		846F1CDE1F62310A00D4FABA /* addHotelModel.m in Sources */ = {isa = PBXBuildFile; fileRef = 846F1CDD1F62310A00D4FABA /* addHotelModel.m */; };
		847BFE841F6F4BAD0055AA9D /* airport.json in Resources */ = {isa = PBXBuildFile; fileRef = 847BFE831F6F4BAD0055AA9D /* airport.json */; };
		84F8DDA81F56692C000DF6D0 /* main.m in Sources */ = {isa = PBXBuildFile; fileRef = 84F8DDA71F56692C000DF6D0 /* main.m */; };
		84F8DDAB1F56692C000DF6D0 /* AppDelegate.m in Sources */ = {isa = PBXBuildFile; fileRef = 84F8DDAA1F56692C000DF6D0 /* AppDelegate.m */; };
		84F8DDB11F56692C000DF6D0 /* Main.storyboard in Resources */ = {isa = PBXBuildFile; fileRef = 84F8DDAF1F56692C000DF6D0 /* Main.storyboard */; };
		84F8DDB41F56692C000DF6D0 /* GetHotel_Bussiness.xcdatamodeld in Sources */ = {isa = PBXBuildFile; fileRef = 84F8DDB21F56692C000DF6D0 /* GetHotel_Bussiness.xcdatamodeld */; };
		84F8DDB91F56692C000DF6D0 /* LaunchScreen.storyboard in Resources */ = {isa = PBXBuildFile; fileRef = 84F8DDB71F56692C000DF6D0 /* LaunchScreen.storyboard */; };
		84F8DDC41F56692C000DF6D0 /* GetHotel_BussinessTests.m in Sources */ = {isa = PBXBuildFile; fileRef = 84F8DDC31F56692C000DF6D0 /* GetHotel_BussinessTests.m */; };
		84F8DDCF1F56692C000DF6D0 /* GetHotel_BussinessUITests.m in Sources */ = {isa = PBXBuildFile; fileRef = 84F8DDCE1F56692C000DF6D0 /* GetHotel_BussinessUITests.m */; };
		84F8DE331F5669F7000DF6D0 /* DOPDropDownMenu.m in Sources */ = {isa = PBXBuildFile; fileRef = 84F8DDDF1F5669F7000DF6D0 /* DOPDropDownMenu.m */; };
		84F8DE341F5669F7000DF6D0 /* HMSegmentedControl.m in Sources */ = {isa = PBXBuildFile; fileRef = 84F8DDE21F5669F7000DF6D0 /* HMSegmentedControl.m */; };
		84F8DE351F5669F7000DF6D0 /* bitstream.m in Sources */ = {isa = PBXBuildFile; fileRef = 84F8DDE51F5669F7000DF6D0 /* bitstream.m */; };
		84F8DE361F5669F7000DF6D0 /* mask.m in Sources */ = {isa = PBXBuildFile; fileRef = 84F8DDE71F5669F7000DF6D0 /* mask.m */; };
		84F8DE371F5669F7000DF6D0 /* qrencode.m in Sources */ = {isa = PBXBuildFile; fileRef = 84F8DDE91F5669F7000DF6D0 /* qrencode.m */; };
		84F8DE381F5669F7000DF6D0 /* qrinput.m in Sources */ = {isa = PBXBuildFile; fileRef = 84F8DDEB1F5669F7000DF6D0 /* qrinput.m */; };
		84F8DE391F5669F7000DF6D0 /* qrspec.m in Sources */ = {isa = PBXBuildFile; fileRef = 84F8DDED1F5669F7000DF6D0 /* qrspec.m */; };
		84F8DE3A1F5669F7000DF6D0 /* rscode.m in Sources */ = {isa = PBXBuildFile; fileRef = 84F8DDEF1F5669F7000DF6D0 /* rscode.m */; };
		84F8DE3B1F5669F7000DF6D0 /* split.m in Sources */ = {isa = PBXBuildFile; fileRef = 84F8DDF11F5669F7000DF6D0 /* split.m */; };
		84F8DE3C1F5669F7000DF6D0 /* BasicEncodingRules.m in Sources */ = {isa = PBXBuildFile; fileRef = 84F8DDF41F5669F7000DF6D0 /* BasicEncodingRules.m */; };
		84F8DE3D1F5669F7000DF6D0 /* SKTag.m in Sources */ = {isa = PBXBuildFile; fileRef = 84F8DDF71F5669F7000DF6D0 /* SKTag.m */; };
		84F8DE3E1F5669F7000DF6D0 /* SKTagButton.m in Sources */ = {isa = PBXBuildFile; fileRef = 84F8DDF91F5669F7000DF6D0 /* SKTagButton.m */; };
		84F8DE3F1F5669F7000DF6D0 /* SKTagView.m in Sources */ = {isa = PBXBuildFile; fileRef = 84F8DDFB1F5669F7000DF6D0 /* SKTagView.m */; };
		84F8DE411F5669F7000DF6D0 /* Order.m in Sources */ = {isa = PBXBuildFile; fileRef = 84F8DE031F5669F7000DF6D0 /* Order.m */; };
		84F8DE421F5669F7000DF6D0 /* GBAlipayManager.m in Sources */ = {isa = PBXBuildFile; fileRef = 84F8DE081F5669F7000DF6D0 /* GBAlipayManager.m */; };
		84F8DE431F5669F7000DF6D0 /* base64.m in Sources */ = {isa = PBXBuildFile; fileRef = 84F8DE0B1F5669F7000DF6D0 /* base64.m */; };
		84F8DE441F5669F7000DF6D0 /* DataSigner.m in Sources */ = {isa = PBXBuildFile; fileRef = 84F8DE0E1F5669F7000DF6D0 /* DataSigner.m */; };
		84F8DE451F5669F7000DF6D0 /* DataVerifier.m in Sources */ = {isa = PBXBuildFile; fileRef = 84F8DE101F5669F7000DF6D0 /* DataVerifier.m */; };
		84F8DE461F5669F7000DF6D0 /* MD5DataSigner.m in Sources */ = {isa = PBXBuildFile; fileRef = 84F8DE121F5669F7000DF6D0 /* MD5DataSigner.m */; };
		84F8DE471F5669F7000DF6D0 /* NSDataEx.m in Sources */ = {isa = PBXBuildFile; fileRef = 84F8DE141F5669F7000DF6D0 /* NSDataEx.m */; };
		84F8DE481F5669F7000DF6D0 /* openssl_wrapper.m in Sources */ = {isa = PBXBuildFile; fileRef = 84F8DE161F5669F7000DF6D0 /* openssl_wrapper.m */; };
		84F8DE491F5669F7000DF6D0 /* RSADataSigner.m in Sources */ = {isa = PBXBuildFile; fileRef = 84F8DE181F5669F7000DF6D0 /* RSADataSigner.m */; };
		84F8DE4A1F5669F7000DF6D0 /* RSADataVerifier.m in Sources */ = {isa = PBXBuildFile; fileRef = 84F8DE1A1F5669F7000DF6D0 /* RSADataVerifier.m */; };
		84F8DE4B1F5669F7000DF6D0 /* AppAPIClient.m in Sources */ = {isa = PBXBuildFile; fileRef = 84F8DE1C1F5669F7000DF6D0 /* AppAPIClient.m */; };
		84F8DE4C1F5669F7000DF6D0 /* ErrorHandler.m in Sources */ = {isa = PBXBuildFile; fileRef = 84F8DE1E1F5669F7000DF6D0 /* ErrorHandler.m */; };
		84F8DE4D1F5669F7000DF6D0 /* JSONS.m in Sources */ = {isa = PBXBuildFile; fileRef = 84F8DE201F5669F7000DF6D0 /* JSONS.m */; };
		84F8DE4E1F5669F7000DF6D0 /* NSData+Base64.m in Sources */ = {isa = PBXBuildFile; fileRef = 84F8DE221F5669F7000DF6D0 /* NSData+Base64.m */; };
		84F8DE4F1F5669F7000DF6D0 /* NSDate+Utility.m in Sources */ = {isa = PBXBuildFile; fileRef = 84F8DE241F5669F7000DF6D0 /* NSDate+Utility.m */; };
		84F8DE501F5669F7000DF6D0 /* NSDateFormatter+Category.m in Sources */ = {isa = PBXBuildFile; fileRef = 84F8DE261F5669F7000DF6D0 /* NSDateFormatter+Category.m */; };
		84F8DE511F5669F7000DF6D0 /* NSString+Crypt.m in Sources */ = {isa = PBXBuildFile; fileRef = 84F8DE281F5669F7000DF6D0 /* NSString+Crypt.m */; };
		84F8DE521F5669F7000DF6D0 /* RequestAPI.m in Sources */ = {isa = PBXBuildFile; fileRef = 84F8DE2A1F5669F7000DF6D0 /* RequestAPI.m */; };
		84F8DE531F5669F7000DF6D0 /* StorageMgr.m in Sources */ = {isa = PBXBuildFile; fileRef = 84F8DE2C1F5669F7000DF6D0 /* StorageMgr.m */; };
		84F8DE541F5669F7000DF6D0 /* UIImage+MDQRCode.m in Sources */ = {isa = PBXBuildFile; fileRef = 84F8DE2E1F5669F7000DF6D0 /* UIImage+MDQRCode.m */; };
		84F8DE551F5669F7000DF6D0 /* Utilities.m in Sources */ = {isa = PBXBuildFile; fileRef = 84F8DE301F5669F7000DF6D0 /* Utilities.m */; };
		84F8DE561F5669F7000DF6D0 /* Assets.xcassets in Resources */ = {isa = PBXBuildFile; fileRef = 84F8DE321F5669F7000DF6D0 /* Assets.xcassets */; };
		84F8DE5A1F566A20000DF6D0 /* agreement.txt in Resources */ = {isa = PBXBuildFile; fileRef = 84F8DE571F566A20000DF6D0 /* agreement.txt */; };
		84F8DE5B1F566A20000DF6D0 /* Cities.plist in Resources */ = {isa = PBXBuildFile; fileRef = 84F8DE581F566A20000DF6D0 /* Cities.plist */; };
		84F8DE611F566A39000DF6D0 /* AlipaySDK.bundle in Frameworks */ = {isa = PBXBuildFile; fileRef = 84F8DE5C1F566A39000DF6D0 /* AlipaySDK.bundle */; };
		84F8DE621F566A39000DF6D0 /* AlipaySDK.framework in Frameworks */ = {isa = PBXBuildFile; fileRef = 84F8DE5D1F566A39000DF6D0 /* AlipaySDK.framework */; };
		84F8DE631F566A39000DF6D0 /* libcrypto.a in Frameworks */ = {isa = PBXBuildFile; fileRef = 84F8DE5E1F566A39000DF6D0 /* libcrypto.a */; };
		84F8DE641F566A39000DF6D0 /* libssl.a in Frameworks */ = {isa = PBXBuildFile; fileRef = 84F8DE5F1F566A39000DF6D0 /* libssl.a */; };
		84F8DE671F566A3E000DF6D0 /* CoreTelephony.framework in Frameworks */ = {isa = PBXBuildFile; fileRef = 84F8DE661F566A3E000DF6D0 /* CoreTelephony.framework */; };
		84F8DE691F566A44000DF6D0 /* CoreMotion.framework in Frameworks */ = {isa = PBXBuildFile; fileRef = 84F8DE681F566A44000DF6D0 /* CoreMotion.framework */; };
		84F8DE6B1F566A49000DF6D0 /* libz.tbd in Frameworks */ = {isa = PBXBuildFile; fileRef = 84F8DE6A1F566A49000DF6D0 /* libz.tbd */; };
		84F8DE6C1F566ABF000DF6D0 /* Openssl.framework in Frameworks */ = {isa = PBXBuildFile; fileRef = 84F8DE601F566A39000DF6D0 /* Openssl.framework */; };
		B0148340C0109D5CEB31564F /* libPods-GetHotel Bussiness.a in Frameworks */ = {isa = PBXBuildFile; fileRef = BB692E57BB1D320ABDFD4278 /* libPods-GetHotel Bussiness.a */; };
		B22386A91F5CE2D70017B531 /* CityListViewController.m in Sources */ = {isa = PBXBuildFile; fileRef = B22386A81F5CE2D70017B531 /* CityListViewController.m */; };
		B22386AC1F5CE6F30017B531 /* CityListModel.m in Sources */ = {isa = PBXBuildFile; fileRef = B22386AB1F5CE6F30017B531 /* CityListModel.m */; };
		B287A2441F58FBE200AF36E7 /* staleTableViewCell.m in Sources */ = {isa = PBXBuildFile; fileRef = B287A2431F58FBE200AF36E7 /* staleTableViewCell.m */; };
		B287A2471F59539600AF36E7 /* OfferViewController.m in Sources */ = {isa = PBXBuildFile; fileRef = B287A2461F59539600AF36E7 /* OfferViewController.m */; };
		B2A66BDF1F5FDEED00C56B12 /* SelectOfferModel.m in Sources */ = {isa = PBXBuildFile; fileRef = B2A66BDE1F5FDEED00C56B12 /* SelectOfferModel.m */; };
		B2D27FD71F6622EC0020A1DB /* offerModel.m in Sources */ = {isa = PBXBuildFile; fileRef = B2D27FD61F6622EC0020A1DB /* offerModel.m */; };
		B2D27FDA1F6659C40020A1DB /* staleModel.m in Sources */ = {isa = PBXBuildFile; fileRef = B2D27FD91F6659C40020A1DB /* staleModel.m */; };
		B2E7A4C31F5802AE00854477 /* AirPriceTableViewCell.m in Sources */ = {isa = PBXBuildFile; fileRef = B2E7A4C21F5802AE00854477 /* AirPriceTableViewCell.m */; };
		B2F2538A1F5A54B500782901 /* quoteTableViewCell.m in Sources */ = {isa = PBXBuildFile; fileRef = B2F253891F5A54B500782901 /* quoteTableViewCell.m */; };
		B2F254681F5AA16C00782901 /* libc++.tbd in Frameworks */ = {isa = PBXBuildFile; fileRef = B2F254671F5AA16C00782901 /* libc++.tbd */; };
/* End PBXBuildFile section */

/* Begin PBXContainerItemProxy section */
		84F8DDC01F56692C000DF6D0 /* PBXContainerItemProxy */ = {
			isa = PBXContainerItemProxy;
			containerPortal = 84F8DD9B1F56692C000DF6D0 /* Project object */;
			proxyType = 1;
			remoteGlobalIDString = 84F8DDA21F56692C000DF6D0;
			remoteInfo = "GetHotel Bussiness";
		};
		84F8DDCB1F56692C000DF6D0 /* PBXContainerItemProxy */ = {
			isa = PBXContainerItemProxy;
			containerPortal = 84F8DD9B1F56692C000DF6D0 /* Project object */;
			proxyType = 1;
			remoteGlobalIDString = 84F8DDA21F56692C000DF6D0;
			remoteInfo = "GetHotel Bussiness";
		};
/* End PBXContainerItemProxy section */

/* Begin PBXFileReference section */
		34BDB21FE6CB3E9A7B4E1723 /* Pods-GetHotel Bussiness.debug.xcconfig */ = {isa = PBXFileReference; includeInIndex = 1; lastKnownFileType = text.xcconfig; name = "Pods-GetHotel Bussiness.debug.xcconfig"; path = "Pods/Target Support Files/Pods-GetHotel Bussiness/Pods-GetHotel Bussiness.debug.xcconfig"; sourceTree = "<group>"; };
		8065AAC638376F0624A080EA /* Pods-GetHotel Bussiness.release.xcconfig */ = {isa = PBXFileReference; includeInIndex = 1; lastKnownFileType = text.xcconfig; name = "Pods-GetHotel Bussiness.release.xcconfig"; path = "Pods/Target Support Files/Pods-GetHotel Bussiness/Pods-GetHotel Bussiness.release.xcconfig"; sourceTree = "<group>"; };
		841D5B191F568F4A00B24FEE /* AirPrice.storyboard */ = {isa = PBXFileReference; fileEncoding = 4; lastKnownFileType = file.storyboard; path = AirPrice.storyboard; sourceTree = "<group>"; };
		841D5B1D1F56915000B24FEE /* HotelIssued.storyboard */ = {isa = PBXFileReference; fileEncoding = 4; lastKnownFileType = file.storyboard; path = HotelIssued.storyboard; sourceTree = "<group>"; };
		841D5B1F1F56923A00B24FEE /* AirPriceViewController.h */ = {isa = PBXFileReference; fileEncoding = 4; lastKnownFileType = sourcecode.c.h; path = AirPriceViewController.h; sourceTree = "<group>"; };
		841D5B201F56923A00B24FEE /* AirPriceViewController.m */ = {isa = PBXFileReference; fileEncoding = 4; lastKnownFileType = sourcecode.c.objc; path = AirPriceViewController.m; sourceTree = "<group>"; };
		841D5B221F56943300B24FEE /* HotelIssuedViewController.h */ = {isa = PBXFileReference; fileEncoding = 4; lastKnownFileType = sourcecode.c.h; path = HotelIssuedViewController.h; sourceTree = "<group>"; };
		841D5B231F56943300B24FEE /* HotelIssuedViewController.m */ = {isa = PBXFileReference; fileEncoding = 4; lastKnownFileType = sourcecode.c.objc; path = HotelIssuedViewController.m; sourceTree = "<group>"; };
		841D5B271F56B16F00B24FEE /* ReleaseHotelViewController.h */ = {isa = PBXFileReference; fileEncoding = 4; lastKnownFileType = sourcecode.c.h; path = ReleaseHotelViewController.h; sourceTree = "<group>"; };
		841D5B281F56B16F00B24FEE /* ReleaseHotelViewController.m */ = {isa = PBXFileReference; fileEncoding = 4; lastKnownFileType = sourcecode.c.objc; path = ReleaseHotelViewController.m; sourceTree = "<group>"; };
		841D5B2A1F56B48A00B24FEE /* MyHotelTableViewCell.h */ = {isa = PBXFileReference; fileEncoding = 4; lastKnownFileType = sourcecode.c.h; path = MyHotelTableViewCell.h; sourceTree = "<group>"; };
		841D5B2B1F56B48A00B24FEE /* MyHotelTableViewCell.m */ = {isa = PBXFileReference; fileEncoding = 4; lastKnownFileType = sourcecode.c.objc; path = MyHotelTableViewCell.m; sourceTree = "<group>"; };
		84675FF61F6138A200CB3874 /* FindHotelModel.h */ = {isa = PBXFileReference; fileEncoding = 4; lastKnownFileType = sourcecode.c.h; path = FindHotelModel.h; sourceTree = "<group>"; };
		84675FF71F6138A200CB3874 /* FindHotelModel.m */ = {isa = PBXFileReference; fileEncoding = 4; lastKnownFileType = sourcecode.c.objc; path = FindHotelModel.m; sourceTree = "<group>"; };
		84675FFA1F6139CC00CB3874 /* ZLImageViewDisplayView.h */ = {isa = PBXFileReference; fileEncoding = 4; lastKnownFileType = sourcecode.c.h; path = ZLImageViewDisplayView.h; sourceTree = "<group>"; };
		84675FFB1F6139CC00CB3874 /* ZLImageViewDisplayView.m */ = {isa = PBXFileReference; fileEncoding = 4; lastKnownFileType = sourcecode.c.objc; path = ZLImageViewDisplayView.m; sourceTree = "<group>"; };
		846F1CDC1F62310A00D4FABA /* addHotelModel.h */ = {isa = PBXFileReference; fileEncoding = 4; lastKnownFileType = sourcecode.c.h; path = addHotelModel.h; sourceTree = "<group>"; };
		846F1CDD1F62310A00D4FABA /* addHotelModel.m */ = {isa = PBXFileReference; fileEncoding = 4; lastKnownFileType = sourcecode.c.objc; path = addHotelModel.m; sourceTree = "<group>"; };
		847BFE831F6F4BAD0055AA9D /* airport.json */ = {isa = PBXFileReference; fileEncoding = 4; lastKnownFileType = text.json; path = airport.json; sourceTree = "<group>"; };
		84F8DDA31F56692C000DF6D0 /* GetHotel Bussiness.app */ = {isa = PBXFileReference; explicitFileType = wrapper.application; includeInIndex = 0; path = "GetHotel Bussiness.app"; sourceTree = BUILT_PRODUCTS_DIR; };
		84F8DDA71F56692C000DF6D0 /* main.m */ = {isa = PBXFileReference; lastKnownFileType = sourcecode.c.objc; path = main.m; sourceTree = "<group>"; };
		84F8DDA91F56692C000DF6D0 /* AppDelegate.h */ = {isa = PBXFileReference; lastKnownFileType = sourcecode.c.h; path = AppDelegate.h; sourceTree = "<group>"; };
		84F8DDAA1F56692C000DF6D0 /* AppDelegate.m */ = {isa = PBXFileReference; lastKnownFileType = sourcecode.c.objc; path = AppDelegate.m; sourceTree = "<group>"; };
		84F8DDB01F56692C000DF6D0 /* Base */ = {isa = PBXFileReference; lastKnownFileType = file.storyboard; name = Base; path = Base.lproj/Main.storyboard; sourceTree = "<group>"; };
		84F8DDB31F56692C000DF6D0 /* GetHotel_Bussiness.xcdatamodel */ = {isa = PBXFileReference; lastKnownFileType = wrapper.xcdatamodel; path = GetHotel_Bussiness.xcdatamodel; sourceTree = "<group>"; };
		84F8DDB81F56692C000DF6D0 /* Base */ = {isa = PBXFileReference; lastKnownFileType = file.storyboard; name = Base; path = Base.lproj/LaunchScreen.storyboard; sourceTree = "<group>"; };
		84F8DDBA1F56692C000DF6D0 /* Info.plist */ = {isa = PBXFileReference; lastKnownFileType = text.plist.xml; path = Info.plist; sourceTree = "<group>"; };
		84F8DDBF1F56692C000DF6D0 /* GetHotel BussinessTests.xctest */ = {isa = PBXFileReference; explicitFileType = wrapper.cfbundle; includeInIndex = 0; path = "GetHotel BussinessTests.xctest"; sourceTree = BUILT_PRODUCTS_DIR; };
		84F8DDC31F56692C000DF6D0 /* GetHotel_BussinessTests.m */ = {isa = PBXFileReference; lastKnownFileType = sourcecode.c.objc; path = GetHotel_BussinessTests.m; sourceTree = "<group>"; };
		84F8DDC51F56692C000DF6D0 /* Info.plist */ = {isa = PBXFileReference; lastKnownFileType = text.plist.xml; path = Info.plist; sourceTree = "<group>"; };
		84F8DDCA1F56692C000DF6D0 /* GetHotel BussinessUITests.xctest */ = {isa = PBXFileReference; explicitFileType = wrapper.cfbundle; includeInIndex = 0; path = "GetHotel BussinessUITests.xctest"; sourceTree = BUILT_PRODUCTS_DIR; };
		84F8DDCE1F56692C000DF6D0 /* GetHotel_BussinessUITests.m */ = {isa = PBXFileReference; lastKnownFileType = sourcecode.c.objc; path = GetHotel_BussinessUITests.m; sourceTree = "<group>"; };
		84F8DDD01F56692C000DF6D0 /* Info.plist */ = {isa = PBXFileReference; lastKnownFileType = text.plist.xml; path = Info.plist; sourceTree = "<group>"; };
		84F8DDDE1F5669F7000DF6D0 /* DOPDropDownMenu.h */ = {isa = PBXFileReference; fileEncoding = 4; lastKnownFileType = sourcecode.c.h; path = DOPDropDownMenu.h; sourceTree = "<group>"; };
		84F8DDDF1F5669F7000DF6D0 /* DOPDropDownMenu.m */ = {isa = PBXFileReference; fileEncoding = 4; lastKnownFileType = sourcecode.c.objc; path = DOPDropDownMenu.m; sourceTree = "<group>"; };
		84F8DDE11F5669F7000DF6D0 /* HMSegmentedControl.h */ = {isa = PBXFileReference; fileEncoding = 4; lastKnownFileType = sourcecode.c.h; path = HMSegmentedControl.h; sourceTree = "<group>"; };
		84F8DDE21F5669F7000DF6D0 /* HMSegmentedControl.m */ = {isa = PBXFileReference; fileEncoding = 4; lastKnownFileType = sourcecode.c.objc; path = HMSegmentedControl.m; sourceTree = "<group>"; };
		84F8DDE41F5669F7000DF6D0 /* bitstream.h */ = {isa = PBXFileReference; fileEncoding = 4; lastKnownFileType = sourcecode.c.h; path = bitstream.h; sourceTree = "<group>"; };
		84F8DDE51F5669F7000DF6D0 /* bitstream.m */ = {isa = PBXFileReference; fileEncoding = 4; lastKnownFileType = sourcecode.c.objc; path = bitstream.m; sourceTree = "<group>"; };
		84F8DDE61F5669F7000DF6D0 /* mask.h */ = {isa = PBXFileReference; fileEncoding = 4; lastKnownFileType = sourcecode.c.h; path = mask.h; sourceTree = "<group>"; };
		84F8DDE71F5669F7000DF6D0 /* mask.m */ = {isa = PBXFileReference; fileEncoding = 4; lastKnownFileType = sourcecode.c.objc; path = mask.m; sourceTree = "<group>"; };
		84F8DDE81F5669F7000DF6D0 /* qrencode.h */ = {isa = PBXFileReference; fileEncoding = 4; lastKnownFileType = sourcecode.c.h; path = qrencode.h; sourceTree = "<group>"; };
		84F8DDE91F5669F7000DF6D0 /* qrencode.m */ = {isa = PBXFileReference; fileEncoding = 4; lastKnownFileType = sourcecode.c.objc; path = qrencode.m; sourceTree = "<group>"; };
		84F8DDEA1F5669F7000DF6D0 /* qrinput.h */ = {isa = PBXFileReference; fileEncoding = 4; lastKnownFileType = sourcecode.c.h; path = qrinput.h; sourceTree = "<group>"; };
		84F8DDEB1F5669F7000DF6D0 /* qrinput.m */ = {isa = PBXFileReference; fileEncoding = 4; lastKnownFileType = sourcecode.c.objc; path = qrinput.m; sourceTree = "<group>"; };
		84F8DDEC1F5669F7000DF6D0 /* qrspec.h */ = {isa = PBXFileReference; fileEncoding = 4; lastKnownFileType = sourcecode.c.h; path = qrspec.h; sourceTree = "<group>"; };
		84F8DDED1F5669F7000DF6D0 /* qrspec.m */ = {isa = PBXFileReference; fileEncoding = 4; lastKnownFileType = sourcecode.c.objc; path = qrspec.m; sourceTree = "<group>"; };
		84F8DDEE1F5669F7000DF6D0 /* rscode.h */ = {isa = PBXFileReference; fileEncoding = 4; lastKnownFileType = sourcecode.c.h; path = rscode.h; sourceTree = "<group>"; };
		84F8DDEF1F5669F7000DF6D0 /* rscode.m */ = {isa = PBXFileReference; fileEncoding = 4; lastKnownFileType = sourcecode.c.objc; path = rscode.m; sourceTree = "<group>"; };
		84F8DDF01F5669F7000DF6D0 /* split.h */ = {isa = PBXFileReference; fileEncoding = 4; lastKnownFileType = sourcecode.c.h; path = split.h; sourceTree = "<group>"; };
		84F8DDF11F5669F7000DF6D0 /* split.m */ = {isa = PBXFileReference; fileEncoding = 4; lastKnownFileType = sourcecode.c.objc; path = split.m; sourceTree = "<group>"; };
		84F8DDF31F5669F7000DF6D0 /* BasicEncodingRules.h */ = {isa = PBXFileReference; fileEncoding = 4; lastKnownFileType = sourcecode.c.h; path = BasicEncodingRules.h; sourceTree = "<group>"; };
		84F8DDF41F5669F7000DF6D0 /* BasicEncodingRules.m */ = {isa = PBXFileReference; fileEncoding = 4; lastKnownFileType = sourcecode.c.objc; path = BasicEncodingRules.m; sourceTree = "<group>"; };
		84F8DDF61F5669F7000DF6D0 /* SKTag.h */ = {isa = PBXFileReference; fileEncoding = 4; lastKnownFileType = sourcecode.c.h; path = SKTag.h; sourceTree = "<group>"; };
		84F8DDF71F5669F7000DF6D0 /* SKTag.m */ = {isa = PBXFileReference; fileEncoding = 4; lastKnownFileType = sourcecode.c.objc; path = SKTag.m; sourceTree = "<group>"; };
		84F8DDF81F5669F7000DF6D0 /* SKTagButton.h */ = {isa = PBXFileReference; fileEncoding = 4; lastKnownFileType = sourcecode.c.h; path = SKTagButton.h; sourceTree = "<group>"; };
		84F8DDF91F5669F7000DF6D0 /* SKTagButton.m */ = {isa = PBXFileReference; fileEncoding = 4; lastKnownFileType = sourcecode.c.objc; path = SKTagButton.m; sourceTree = "<group>"; };
		84F8DDFA1F5669F7000DF6D0 /* SKTagView.h */ = {isa = PBXFileReference; fileEncoding = 4; lastKnownFileType = sourcecode.c.h; path = SKTagView.h; sourceTree = "<group>"; };
		84F8DDFB1F5669F7000DF6D0 /* SKTagView.m */ = {isa = PBXFileReference; fileEncoding = 4; lastKnownFileType = sourcecode.c.objc; path = SKTagView.m; sourceTree = "<group>"; };
		84F8DDFD1F5669F7000DF6D0 /* Constants.h */ = {isa = PBXFileReference; fileEncoding = 4; lastKnownFileType = sourcecode.c.h; path = Constants.h; sourceTree = "<group>"; };
		84F8DE021F5669F7000DF6D0 /* Order.h */ = {isa = PBXFileReference; fileEncoding = 4; lastKnownFileType = sourcecode.c.h; path = Order.h; sourceTree = "<group>"; };
		84F8DE031F5669F7000DF6D0 /* Order.m */ = {isa = PBXFileReference; fileEncoding = 4; lastKnownFileType = sourcecode.c.objc; path = Order.m; sourceTree = "<group>"; };
		84F8DE061F5669F7000DF6D0 /* GBAlipayConfig.h */ = {isa = PBXFileReference; fileEncoding = 4; lastKnownFileType = sourcecode.c.h; path = GBAlipayConfig.h; sourceTree = "<group>"; };
		84F8DE071F5669F7000DF6D0 /* GBAlipayManager.h */ = {isa = PBXFileReference; fileEncoding = 4; lastKnownFileType = sourcecode.c.h; path = GBAlipayManager.h; sourceTree = "<group>"; };
		84F8DE081F5669F7000DF6D0 /* GBAlipayManager.m */ = {isa = PBXFileReference; fileEncoding = 4; lastKnownFileType = sourcecode.c.objc; path = GBAlipayManager.m; sourceTree = "<group>"; };
		84F8DE0A1F5669F7000DF6D0 /* base64.h */ = {isa = PBXFileReference; fileEncoding = 4; lastKnownFileType = sourcecode.c.h; path = base64.h; sourceTree = "<group>"; };
		84F8DE0B1F5669F7000DF6D0 /* base64.m */ = {isa = PBXFileReference; fileEncoding = 4; lastKnownFileType = sourcecode.c.objc; path = base64.m; sourceTree = "<group>"; };
		84F8DE0C1F5669F7000DF6D0 /* config.h */ = {isa = PBXFileReference; fileEncoding = 4; lastKnownFileType = sourcecode.c.h; path = config.h; sourceTree = "<group>"; };
		84F8DE0D1F5669F7000DF6D0 /* DataSigner.h */ = {isa = PBXFileReference; fileEncoding = 4; lastKnownFileType = sourcecode.c.h; path = DataSigner.h; sourceTree = "<group>"; };
		84F8DE0E1F5669F7000DF6D0 /* DataSigner.m */ = {isa = PBXFileReference; fileEncoding = 4; lastKnownFileType = sourcecode.c.objc; path = DataSigner.m; sourceTree = "<group>"; };
		84F8DE0F1F5669F7000DF6D0 /* DataVerifier.h */ = {isa = PBXFileReference; fileEncoding = 4; lastKnownFileType = sourcecode.c.h; path = DataVerifier.h; sourceTree = "<group>"; };
		84F8DE101F5669F7000DF6D0 /* DataVerifier.m */ = {isa = PBXFileReference; fileEncoding = 4; lastKnownFileType = sourcecode.c.objc; path = DataVerifier.m; sourceTree = "<group>"; };
		84F8DE111F5669F7000DF6D0 /* MD5DataSigner.h */ = {isa = PBXFileReference; fileEncoding = 4; lastKnownFileType = sourcecode.c.h; path = MD5DataSigner.h; sourceTree = "<group>"; };
		84F8DE121F5669F7000DF6D0 /* MD5DataSigner.m */ = {isa = PBXFileReference; fileEncoding = 4; lastKnownFileType = sourcecode.c.objc; path = MD5DataSigner.m; sourceTree = "<group>"; };
		84F8DE131F5669F7000DF6D0 /* NSDataEx.h */ = {isa = PBXFileReference; fileEncoding = 4; lastKnownFileType = sourcecode.c.h; path = NSDataEx.h; sourceTree = "<group>"; };
		84F8DE141F5669F7000DF6D0 /* NSDataEx.m */ = {isa = PBXFileReference; fileEncoding = 4; lastKnownFileType = sourcecode.c.objc; path = NSDataEx.m; sourceTree = "<group>"; };
		84F8DE151F5669F7000DF6D0 /* openssl_wrapper.h */ = {isa = PBXFileReference; fileEncoding = 4; lastKnownFileType = sourcecode.c.h; path = openssl_wrapper.h; sourceTree = "<group>"; };
		84F8DE161F5669F7000DF6D0 /* openssl_wrapper.m */ = {isa = PBXFileReference; fileEncoding = 4; lastKnownFileType = sourcecode.c.objc; path = openssl_wrapper.m; sourceTree = "<group>"; };
		84F8DE171F5669F7000DF6D0 /* RSADataSigner.h */ = {isa = PBXFileReference; fileEncoding = 4; lastKnownFileType = sourcecode.c.h; path = RSADataSigner.h; sourceTree = "<group>"; };
		84F8DE181F5669F7000DF6D0 /* RSADataSigner.m */ = {isa = PBXFileReference; fileEncoding = 4; lastKnownFileType = sourcecode.c.objc; path = RSADataSigner.m; sourceTree = "<group>"; };
		84F8DE191F5669F7000DF6D0 /* RSADataVerifier.h */ = {isa = PBXFileReference; fileEncoding = 4; lastKnownFileType = sourcecode.c.h; path = RSADataVerifier.h; sourceTree = "<group>"; };
		84F8DE1A1F5669F7000DF6D0 /* RSADataVerifier.m */ = {isa = PBXFileReference; fileEncoding = 4; lastKnownFileType = sourcecode.c.objc; path = RSADataVerifier.m; sourceTree = "<group>"; };
		84F8DE1B1F5669F7000DF6D0 /* AppAPIClient.h */ = {isa = PBXFileReference; fileEncoding = 4; lastKnownFileType = sourcecode.c.h; path = AppAPIClient.h; sourceTree = "<group>"; };
		84F8DE1C1F5669F7000DF6D0 /* AppAPIClient.m */ = {isa = PBXFileReference; fileEncoding = 4; lastKnownFileType = sourcecode.c.objc; path = AppAPIClient.m; sourceTree = "<group>"; };
		84F8DE1D1F5669F7000DF6D0 /* ErrorHandler.h */ = {isa = PBXFileReference; fileEncoding = 4; lastKnownFileType = sourcecode.c.h; path = ErrorHandler.h; sourceTree = "<group>"; };
		84F8DE1E1F5669F7000DF6D0 /* ErrorHandler.m */ = {isa = PBXFileReference; fileEncoding = 4; lastKnownFileType = sourcecode.c.objc; path = ErrorHandler.m; sourceTree = "<group>"; };
		84F8DE1F1F5669F7000DF6D0 /* JSONS.h */ = {isa = PBXFileReference; fileEncoding = 4; lastKnownFileType = sourcecode.c.h; path = JSONS.h; sourceTree = "<group>"; };
		84F8DE201F5669F7000DF6D0 /* JSONS.m */ = {isa = PBXFileReference; fileEncoding = 4; lastKnownFileType = sourcecode.c.objc; path = JSONS.m; sourceTree = "<group>"; };
		84F8DE211F5669F7000DF6D0 /* NSData+Base64.h */ = {isa = PBXFileReference; fileEncoding = 4; lastKnownFileType = sourcecode.c.h; path = "NSData+Base64.h"; sourceTree = "<group>"; };
		84F8DE221F5669F7000DF6D0 /* NSData+Base64.m */ = {isa = PBXFileReference; fileEncoding = 4; lastKnownFileType = sourcecode.c.objc; path = "NSData+Base64.m"; sourceTree = "<group>"; };
		84F8DE231F5669F7000DF6D0 /* NSDate+Utility.h */ = {isa = PBXFileReference; fileEncoding = 4; lastKnownFileType = sourcecode.c.h; path = "NSDate+Utility.h"; sourceTree = "<group>"; };
		84F8DE241F5669F7000DF6D0 /* NSDate+Utility.m */ = {isa = PBXFileReference; fileEncoding = 4; lastKnownFileType = sourcecode.c.objc; path = "NSDate+Utility.m"; sourceTree = "<group>"; };
		84F8DE251F5669F7000DF6D0 /* NSDateFormatter+Category.h */ = {isa = PBXFileReference; fileEncoding = 4; lastKnownFileType = sourcecode.c.h; path = "NSDateFormatter+Category.h"; sourceTree = "<group>"; };
		84F8DE261F5669F7000DF6D0 /* NSDateFormatter+Category.m */ = {isa = PBXFileReference; fileEncoding = 4; lastKnownFileType = sourcecode.c.objc; path = "NSDateFormatter+Category.m"; sourceTree = "<group>"; };
		84F8DE271F5669F7000DF6D0 /* NSString+Crypt.h */ = {isa = PBXFileReference; fileEncoding = 4; lastKnownFileType = sourcecode.c.h; path = "NSString+Crypt.h"; sourceTree = "<group>"; };
		84F8DE281F5669F7000DF6D0 /* NSString+Crypt.m */ = {isa = PBXFileReference; fileEncoding = 4; lastKnownFileType = sourcecode.c.objc; path = "NSString+Crypt.m"; sourceTree = "<group>"; };
		84F8DE291F5669F7000DF6D0 /* RequestAPI.h */ = {isa = PBXFileReference; fileEncoding = 4; lastKnownFileType = sourcecode.c.h; path = RequestAPI.h; sourceTree = "<group>"; };
		84F8DE2A1F5669F7000DF6D0 /* RequestAPI.m */ = {isa = PBXFileReference; fileEncoding = 4; lastKnownFileType = sourcecode.c.objc; path = RequestAPI.m; sourceTree = "<group>"; };
		84F8DE2B1F5669F7000DF6D0 /* StorageMgr.h */ = {isa = PBXFileReference; fileEncoding = 4; lastKnownFileType = sourcecode.c.h; path = StorageMgr.h; sourceTree = "<group>"; };
		84F8DE2C1F5669F7000DF6D0 /* StorageMgr.m */ = {isa = PBXFileReference; fileEncoding = 4; lastKnownFileType = sourcecode.c.objc; path = StorageMgr.m; sourceTree = "<group>"; };
		84F8DE2D1F5669F7000DF6D0 /* UIImage+MDQRCode.h */ = {isa = PBXFileReference; fileEncoding = 4; lastKnownFileType = sourcecode.c.h; path = "UIImage+MDQRCode.h"; sourceTree = "<group>"; };
		84F8DE2E1F5669F7000DF6D0 /* UIImage+MDQRCode.m */ = {isa = PBXFileReference; fileEncoding = 4; lastKnownFileType = sourcecode.c.objc; path = "UIImage+MDQRCode.m"; sourceTree = "<group>"; };
		84F8DE2F1F5669F7000DF6D0 /* Utilities.h */ = {isa = PBXFileReference; fileEncoding = 4; lastKnownFileType = sourcecode.c.h; path = Utilities.h; sourceTree = "<group>"; };
		84F8DE301F5669F7000DF6D0 /* Utilities.m */ = {isa = PBXFileReference; fileEncoding = 4; lastKnownFileType = sourcecode.c.objc; path = Utilities.m; sourceTree = "<group>"; };
		84F8DE321F5669F7000DF6D0 /* Assets.xcassets */ = {isa = PBXFileReference; lastKnownFileType = folder.assetcatalog; path = Assets.xcassets; sourceTree = "<group>"; };
		84F8DE571F566A20000DF6D0 /* agreement.txt */ = {isa = PBXFileReference; fileEncoding = 4; lastKnownFileType = text; path = agreement.txt; sourceTree = "<group>"; };
		84F8DE581F566A20000DF6D0 /* Cities.plist */ = {isa = PBXFileReference; fileEncoding = 4; lastKnownFileType = text.plist.xml; path = Cities.plist; sourceTree = "<group>"; };
		84F8DE591F566A20000DF6D0 /* PrefixHeader.pch */ = {isa = PBXFileReference; fileEncoding = 4; lastKnownFileType = sourcecode.c.h; path = PrefixHeader.pch; sourceTree = "<group>"; };
		84F8DE5C1F566A39000DF6D0 /* AlipaySDK.bundle */ = {isa = PBXFileReference; lastKnownFileType = "wrapper.plug-in"; name = AlipaySDK.bundle; path = "GetHotel Bussiness/AlipaySDK.bundle"; sourceTree = "<group>"; };
		84F8DE5D1F566A39000DF6D0 /* AlipaySDK.framework */ = {isa = PBXFileReference; lastKnownFileType = wrapper.framework; name = AlipaySDK.framework; path = "GetHotel Bussiness/AlipaySDK.framework"; sourceTree = "<group>"; };
		84F8DE5E1F566A39000DF6D0 /* libcrypto.a */ = {isa = PBXFileReference; lastKnownFileType = archive.ar; name = libcrypto.a; path = "GetHotel Bussiness/libcrypto.a"; sourceTree = "<group>"; };
		84F8DE5F1F566A39000DF6D0 /* libssl.a */ = {isa = PBXFileReference; lastKnownFileType = archive.ar; name = libssl.a; path = "GetHotel Bussiness/libssl.a"; sourceTree = "<group>"; };
		84F8DE601F566A39000DF6D0 /* Openssl.framework */ = {isa = PBXFileReference; lastKnownFileType = wrapper.framework; name = Openssl.framework; path = "GetHotel Bussiness/Openssl.framework"; sourceTree = "<group>"; };
		84F8DE661F566A3E000DF6D0 /* CoreTelephony.framework */ = {isa = PBXFileReference; lastKnownFileType = wrapper.framework; name = CoreTelephony.framework; path = System/Library/Frameworks/CoreTelephony.framework; sourceTree = SDKROOT; };
		84F8DE681F566A44000DF6D0 /* CoreMotion.framework */ = {isa = PBXFileReference; lastKnownFileType = wrapper.framework; name = CoreMotion.framework; path = System/Library/Frameworks/CoreMotion.framework; sourceTree = SDKROOT; };
		84F8DE6A1F566A49000DF6D0 /* libz.tbd */ = {isa = PBXFileReference; lastKnownFileType = "sourcecode.text-based-dylib-definition"; name = libz.tbd; path = usr/lib/libz.tbd; sourceTree = SDKROOT; };
		B22386A71F5CE2D70017B531 /* CityListViewController.h */ = {isa = PBXFileReference; fileEncoding = 4; lastKnownFileType = sourcecode.c.h; path = CityListViewController.h; sourceTree = "<group>"; };
		B22386A81F5CE2D70017B531 /* CityListViewController.m */ = {isa = PBXFileReference; fileEncoding = 4; lastKnownFileType = sourcecode.c.objc; path = CityListViewController.m; sourceTree = "<group>"; };
		B22386AA1F5CE6F30017B531 /* CityListModel.h */ = {isa = PBXFileReference; fileEncoding = 4; lastKnownFileType = sourcecode.c.h; path = CityListModel.h; sourceTree = "<group>"; };
		B22386AB1F5CE6F30017B531 /* CityListModel.m */ = {isa = PBXFileReference; fileEncoding = 4; lastKnownFileType = sourcecode.c.objc; path = CityListModel.m; sourceTree = "<group>"; };
		B287A2421F58FBE200AF36E7 /* staleTableViewCell.h */ = {isa = PBXFileReference; fileEncoding = 4; lastKnownFileType = sourcecode.c.h; path = staleTableViewCell.h; sourceTree = "<group>"; };
		B287A2431F58FBE200AF36E7 /* staleTableViewCell.m */ = {isa = PBXFileReference; fileEncoding = 4; lastKnownFileType = sourcecode.c.objc; path = staleTableViewCell.m; sourceTree = "<group>"; };
		B287A2451F59539600AF36E7 /* OfferViewController.h */ = {isa = PBXFileReference; fileEncoding = 4; lastKnownFileType = sourcecode.c.h; path = OfferViewController.h; sourceTree = "<group>"; };
		B287A2461F59539600AF36E7 /* OfferViewController.m */ = {isa = PBXFileReference; fileEncoding = 4; lastKnownFileType = sourcecode.c.objc; path = OfferViewController.m; sourceTree = "<group>"; };
		B2A66BDD1F5FDEED00C56B12 /* SelectOfferModel.h */ = {isa = PBXFileReference; fileEncoding = 4; lastKnownFileType = sourcecode.c.h; path = SelectOfferModel.h; sourceTree = "<group>"; };
		B2A66BDE1F5FDEED00C56B12 /* SelectOfferModel.m */ = {isa = PBXFileReference; fileEncoding = 4; lastKnownFileType = sourcecode.c.objc; path = SelectOfferModel.m; sourceTree = "<group>"; };
		B2D27FD51F6622EC0020A1DB /* offerModel.h */ = {isa = PBXFileReference; fileEncoding = 4; lastKnownFileType = sourcecode.c.h; path = offerModel.h; sourceTree = "<group>"; };
		B2D27FD61F6622EC0020A1DB /* offerModel.m */ = {isa = PBXFileReference; fileEncoding = 4; lastKnownFileType = sourcecode.c.objc; path = offerModel.m; sourceTree = "<group>"; };
		B2D27FD81F6659C40020A1DB /* staleModel.h */ = {isa = PBXFileReference; fileEncoding = 4; lastKnownFileType = sourcecode.c.h; path = staleModel.h; sourceTree = "<group>"; };
		B2D27FD91F6659C40020A1DB /* staleModel.m */ = {isa = PBXFileReference; fileEncoding = 4; lastKnownFileType = sourcecode.c.objc; path = staleModel.m; sourceTree = "<group>"; };
		B2E7A4C11F5802AE00854477 /* AirPriceTableViewCell.h */ = {isa = PBXFileReference; fileEncoding = 4; lastKnownFileType = sourcecode.c.h; path = AirPriceTableViewCell.h; sourceTree = "<group>"; };
		B2E7A4C21F5802AE00854477 /* AirPriceTableViewCell.m */ = {isa = PBXFileReference; fileEncoding = 4; lastKnownFileType = sourcecode.c.objc; path = AirPriceTableViewCell.m; sourceTree = "<group>"; };
		B2F253881F5A54B400782901 /* quoteTableViewCell.h */ = {isa = PBXFileReference; fileEncoding = 4; lastKnownFileType = sourcecode.c.h; path = quoteTableViewCell.h; sourceTree = "<group>"; };
		B2F253891F5A54B500782901 /* quoteTableViewCell.m */ = {isa = PBXFileReference; fileEncoding = 4; lastKnownFileType = sourcecode.c.objc; path = quoteTableViewCell.m; sourceTree = "<group>"; };
		B2F254671F5AA16C00782901 /* libc++.tbd */ = {isa = PBXFileReference; lastKnownFileType = "sourcecode.text-based-dylib-definition"; name = "libc++.tbd"; path = "usr/lib/libc++.tbd"; sourceTree = SDKROOT; };
		B2F254691F5AA34B00782901 /* Foundation.framework */ = {isa = PBXFileReference; lastKnownFileType = wrapper.framework; name = Foundation.framework; path = System/Library/Frameworks/Foundation.framework; sourceTree = SDKROOT; };
		B2F2546B1F5AA35200782901 /* UIKit.framework */ = {isa = PBXFileReference; lastKnownFileType = wrapper.framework; name = UIKit.framework; path = System/Library/Frameworks/UIKit.framework; sourceTree = SDKROOT; };
		BB692E57BB1D320ABDFD4278 /* libPods-GetHotel Bussiness.a */ = {isa = PBXFileReference; explicitFileType = archive.ar; includeInIndex = 0; path = "libPods-GetHotel Bussiness.a"; sourceTree = BUILT_PRODUCTS_DIR; };
/* End PBXFileReference section */

/* Begin PBXFrameworksBuildPhase section */
		84F8DDA01F56692C000DF6D0 /* Frameworks */ = {
			isa = PBXFrameworksBuildPhase;
			buildActionMask = 2147483647;
			files = (
				B2F254681F5AA16C00782901 /* libc++.tbd in Frameworks */,
				84F8DE6C1F566ABF000DF6D0 /* Openssl.framework in Frameworks */,
				84F8DE6B1F566A49000DF6D0 /* libz.tbd in Frameworks */,
				84F8DE691F566A44000DF6D0 /* CoreMotion.framework in Frameworks */,
				84F8DE671F566A3E000DF6D0 /* CoreTelephony.framework in Frameworks */,
				84F8DE611F566A39000DF6D0 /* AlipaySDK.bundle in Frameworks */,
				84F8DE621F566A39000DF6D0 /* AlipaySDK.framework in Frameworks */,
				84F8DE631F566A39000DF6D0 /* libcrypto.a in Frameworks */,
				84F8DE641F566A39000DF6D0 /* libssl.a in Frameworks */,
				B0148340C0109D5CEB31564F /* libPods-GetHotel Bussiness.a in Frameworks */,
			);
			runOnlyForDeploymentPostprocessing = 0;
		};
		84F8DDBC1F56692C000DF6D0 /* Frameworks */ = {
			isa = PBXFrameworksBuildPhase;
			buildActionMask = 2147483647;
			files = (
			);
			runOnlyForDeploymentPostprocessing = 0;
		};
		84F8DDC71F56692C000DF6D0 /* Frameworks */ = {
			isa = PBXFrameworksBuildPhase;
			buildActionMask = 2147483647;
			files = (
			);
			runOnlyForDeploymentPostprocessing = 0;
		};
/* End PBXFrameworksBuildPhase section */

/* Begin PBXGroup section */
		1D48D0ED042CE7A318086444 /* Pods */ = {
			isa = PBXGroup;
			children = (
				34BDB21FE6CB3E9A7B4E1723 /* Pods-GetHotel Bussiness.debug.xcconfig */,
				8065AAC638376F0624A080EA /* Pods-GetHotel Bussiness.release.xcconfig */,
			);
			name = Pods;
			sourceTree = "<group>";
		};
		769A90659776A0CBA0BC35EF /* Frameworks */ = {
			isa = PBXGroup;
			children = (
				B2F2546B1F5AA35200782901 /* UIKit.framework */,
				B2F254691F5AA34B00782901 /* Foundation.framework */,
				B2F254671F5AA16C00782901 /* libc++.tbd */,
				84F8DE6A1F566A49000DF6D0 /* libz.tbd */,
				84F8DE681F566A44000DF6D0 /* CoreMotion.framework */,
				84F8DE661F566A3E000DF6D0 /* CoreTelephony.framework */,
				84F8DE5C1F566A39000DF6D0 /* AlipaySDK.bundle */,
				84F8DE5D1F566A39000DF6D0 /* AlipaySDK.framework */,
				84F8DE5E1F566A39000DF6D0 /* libcrypto.a */,
				84F8DE5F1F566A39000DF6D0 /* libssl.a */,
				84F8DE601F566A39000DF6D0 /* Openssl.framework */,
				BB692E57BB1D320ABDFD4278 /* libPods-GetHotel Bussiness.a */,
			);
			name = Frameworks;
			sourceTree = "<group>";
		};
		841D5B131F568E4500B24FEE /* AirStoryboard */ = {
			isa = PBXGroup;
			children = (
				841D5B191F568F4A00B24FEE /* AirPrice.storyboard */,
				B2E7A4C11F5802AE00854477 /* AirPriceTableViewCell.h */,
				B2E7A4C21F5802AE00854477 /* AirPriceTableViewCell.m */,
				B287A2421F58FBE200AF36E7 /* staleTableViewCell.h */,
				B287A2431F58FBE200AF36E7 /* staleTableViewCell.m */,
				B2F253881F5A54B400782901 /* quoteTableViewCell.h */,
				B2F253891F5A54B500782901 /* quoteTableViewCell.m */,
			);
			name = AirStoryboard;
			sourceTree = "<group>";
		};
		841D5B161F568EC900B24FEE /* IssuedStoryboard */ = {
			isa = PBXGroup;
			children = (
				841D5B1D1F56915000B24FEE /* HotelIssued.storyboard */,
				841D5B2A1F56B48A00B24FEE /* MyHotelTableViewCell.h */,
				841D5B2B1F56B48A00B24FEE /* MyHotelTableViewCell.m */,
			);
			name = IssuedStoryboard;
			sourceTree = "<group>";
		};
		841D5B251F5697E500B24FEE /* LaunchScreen */ = {
			isa = PBXGroup;
			children = (
				84F8DDB71F56692C000DF6D0 /* LaunchScreen.storyboard */,
			);
			name = LaunchScreen;
			sourceTree = "<group>";
		};
		841D5B261F5697FA00B24FEE /* Main */ = {
			isa = PBXGroup;
			children = (
				84F8DDAF1F56692C000DF6D0 /* Main.storyboard */,
			);
			name = Main;
			sourceTree = "<group>";
		};
		84675FF91F6139CC00CB3874 /* ZLImageViewDisplay */ = {
			isa = PBXGroup;
			children = (
				84675FFA1F6139CC00CB3874 /* ZLImageViewDisplayView.h */,
				84675FFB1F6139CC00CB3874 /* ZLImageViewDisplayView.m */,
			);
			path = ZLImageViewDisplay;
			sourceTree = "<group>";
		};
		84F8DD9A1F56692C000DF6D0 = {
			isa = PBXGroup;
			children = (
				84F8DDA51F56692C000DF6D0 /* GetHotel Bussiness */,
				84F8DDC21F56692C000DF6D0 /* GetHotel BussinessTests */,
				84F8DDCD1F56692C000DF6D0 /* GetHotel BussinessUITests */,
				84F8DDA41F56692C000DF6D0 /* Products */,
				1D48D0ED042CE7A318086444 /* Pods */,
				769A90659776A0CBA0BC35EF /* Frameworks */,
			);
			sourceTree = "<group>";
		};
		84F8DDA41F56692C000DF6D0 /* Products */ = {
			isa = PBXGroup;
			children = (
				84F8DDA31F56692C000DF6D0 /* GetHotel Bussiness.app */,
				84F8DDBF1F56692C000DF6D0 /* GetHotel BussinessTests.xctest */,
				84F8DDCA1F56692C000DF6D0 /* GetHotel BussinessUITests.xctest */,
			);
			name = Products;
			sourceTree = "<group>";
		};
		84F8DDA51F56692C000DF6D0 /* GetHotel Bussiness */ = {
			isa = PBXGroup;
			children = (
				84F8DDDC1F5669F7000DF6D0 /* 3rd */,
				84F8DDFC1F5669F7000DF6D0 /* Constant */,
				84F8DE041F5669F7000DF6D0 /* Utlity */,
				84F8DDFF1F5669F7000DF6D0 /* Model */,
				84F8DE311F5669F7000DF6D0 /* View */,
				84F8DDFE1F5669F7000DF6D0 /* Controller */,
				84F8DDA61F56692C000DF6D0 /* Supporting Files */,
			);
			path = "GetHotel Bussiness";
			sourceTree = "<group>";
		};
		84F8DDA61F56692C000DF6D0 /* Supporting Files */ = {
			isa = PBXGroup;
			children = (
				847BFE831F6F4BAD0055AA9D /* airport.json */,
				84F8DE591F566A20000DF6D0 /* PrefixHeader.pch */,
				84F8DE571F566A20000DF6D0 /* agreement.txt */,
				84F8DE581F566A20000DF6D0 /* Cities.plist */,
				84F8DDA91F56692C000DF6D0 /* AppDelegate.h */,
				84F8DDAA1F56692C000DF6D0 /* AppDelegate.m */,
				84F8DDBA1F56692C000DF6D0 /* Info.plist */,
				84F8DDA71F56692C000DF6D0 /* main.m */,
			);
			name = "Supporting Files";
			sourceTree = "<group>";
		};
		84F8DDC21F56692C000DF6D0 /* GetHotel BussinessTests */ = {
			isa = PBXGroup;
			children = (
				84F8DDC31F56692C000DF6D0 /* GetHotel_BussinessTests.m */,
				84F8DDC51F56692C000DF6D0 /* Info.plist */,
			);
			path = "GetHotel BussinessTests";
			sourceTree = "<group>";
		};
		84F8DDCD1F56692C000DF6D0 /* GetHotel BussinessUITests */ = {
			isa = PBXGroup;
			children = (
				84F8DDCE1F56692C000DF6D0 /* GetHotel_BussinessUITests.m */,
				84F8DDD01F56692C000DF6D0 /* Info.plist */,
			);
			path = "GetHotel BussinessUITests";
			sourceTree = "<group>";
		};
		84F8DDDC1F5669F7000DF6D0 /* 3rd */ = {
			isa = PBXGroup;
			children = (
				84675FF91F6139CC00CB3874 /* ZLImageViewDisplay */,
				84F8DDDD1F5669F7000DF6D0 /* DOPDropDownMenu - Enhanced */,
				84F8DDE01F5669F7000DF6D0 /* HMSegmentedControl */,
				84F8DDE31F5669F7000DF6D0 /* MDQREncode */,
				84F8DDF21F5669F7000DF6D0 /* SCZBasicEncodingRules */,
				84F8DDF51F5669F7000DF6D0 /* SKTagView */,
			);
			path = 3rd;
			sourceTree = "<group>";
		};
		84F8DDDD1F5669F7000DF6D0 /* DOPDropDownMenu - Enhanced */ = {
			isa = PBXGroup;
			children = (
				84F8DDDE1F5669F7000DF6D0 /* DOPDropDownMenu.h */,
				84F8DDDF1F5669F7000DF6D0 /* DOPDropDownMenu.m */,
			);
			path = "DOPDropDownMenu - Enhanced";
			sourceTree = "<group>";
		};
		84F8DDE01F5669F7000DF6D0 /* HMSegmentedControl */ = {
			isa = PBXGroup;
			children = (
				84F8DDE11F5669F7000DF6D0 /* HMSegmentedControl.h */,
				84F8DDE21F5669F7000DF6D0 /* HMSegmentedControl.m */,
			);
			path = HMSegmentedControl;
			sourceTree = "<group>";
		};
		84F8DDE31F5669F7000DF6D0 /* MDQREncode */ = {
			isa = PBXGroup;
			children = (
				84F8DDE41F5669F7000DF6D0 /* bitstream.h */,
				84F8DDE51F5669F7000DF6D0 /* bitstream.m */,
				84F8DDE61F5669F7000DF6D0 /* mask.h */,
				84F8DDE71F5669F7000DF6D0 /* mask.m */,
				84F8DDE81F5669F7000DF6D0 /* qrencode.h */,
				84F8DDE91F5669F7000DF6D0 /* qrencode.m */,
				84F8DDEA1F5669F7000DF6D0 /* qrinput.h */,
				84F8DDEB1F5669F7000DF6D0 /* qrinput.m */,
				84F8DDEC1F5669F7000DF6D0 /* qrspec.h */,
				84F8DDED1F5669F7000DF6D0 /* qrspec.m */,
				84F8DDEE1F5669F7000DF6D0 /* rscode.h */,
				84F8DDEF1F5669F7000DF6D0 /* rscode.m */,
				84F8DDF01F5669F7000DF6D0 /* split.h */,
				84F8DDF11F5669F7000DF6D0 /* split.m */,
			);
			path = MDQREncode;
			sourceTree = "<group>";
		};
		84F8DDF21F5669F7000DF6D0 /* SCZBasicEncodingRules */ = {
			isa = PBXGroup;
			children = (
				84F8DDF31F5669F7000DF6D0 /* BasicEncodingRules.h */,
				84F8DDF41F5669F7000DF6D0 /* BasicEncodingRules.m */,
			);
			path = SCZBasicEncodingRules;
			sourceTree = "<group>";
		};
		84F8DDF51F5669F7000DF6D0 /* SKTagView */ = {
			isa = PBXGroup;
			children = (
				84F8DDF61F5669F7000DF6D0 /* SKTag.h */,
				84F8DDF71F5669F7000DF6D0 /* SKTag.m */,
				84F8DDF81F5669F7000DF6D0 /* SKTagButton.h */,
				84F8DDF91F5669F7000DF6D0 /* SKTagButton.m */,
				84F8DDFA1F5669F7000DF6D0 /* SKTagView.h */,
				84F8DDFB1F5669F7000DF6D0 /* SKTagView.m */,
			);
			path = SKTagView;
			sourceTree = "<group>";
		};
		84F8DDFC1F5669F7000DF6D0 /* Constant */ = {
			isa = PBXGroup;
			children = (
				84F8DDFD1F5669F7000DF6D0 /* Constants.h */,
			);
			path = Constant;
			sourceTree = "<group>";
		};
		84F8DDFE1F5669F7000DF6D0 /* Controller */ = {
			isa = PBXGroup;
			children = (
				841D5B1F1F56923A00B24FEE /* AirPriceViewController.h */,
				841D5B201F56923A00B24FEE /* AirPriceViewController.m */,
				841D5B221F56943300B24FEE /* HotelIssuedViewController.h */,
				841D5B231F56943300B24FEE /* HotelIssuedViewController.m */,
				841D5B271F56B16F00B24FEE /* ReleaseHotelViewController.h */,
				841D5B281F56B16F00B24FEE /* ReleaseHotelViewController.m */,
				B287A2451F59539600AF36E7 /* OfferViewController.h */,
				B287A2461F59539600AF36E7 /* OfferViewController.m */,
				B22386A71F5CE2D70017B531 /* CityListViewController.h */,
				B22386A81F5CE2D70017B531 /* CityListViewController.m */,
			);
			path = Controller;
			sourceTree = "<group>";
		};
		84F8DDFF1F5669F7000DF6D0 /* Model */ = {
			isa = PBXGroup;
			children = (
				84F8DDB21F56692C000DF6D0 /* GetHotel_Bussiness.xcdatamodeld */,
				84F8DE021F5669F7000DF6D0 /* Order.h */,
				84F8DE031F5669F7000DF6D0 /* Order.m */,
				B22386AA1F5CE6F30017B531 /* CityListModel.h */,
				B22386AB1F5CE6F30017B531 /* CityListModel.m */,
				B2A66BDD1F5FDEED00C56B12 /* SelectOfferModel.h */,
				B2A66BDE1F5FDEED00C56B12 /* SelectOfferModel.m */,
				84675FF61F6138A200CB3874 /* FindHotelModel.h */,
				84675FF71F6138A200CB3874 /* FindHotelModel.m */,
				846F1CDC1F62310A00D4FABA /* addHotelModel.h */,
				846F1CDD1F62310A00D4FABA /* addHotelModel.m */,
				B2D27FD51F6622EC0020A1DB /* offerModel.h */,
				B2D27FD61F6622EC0020A1DB /* offerModel.m */,
				B2D27FD81F6659C40020A1DB /* staleModel.h */,
				B2D27FD91F6659C40020A1DB /* staleModel.m */,
			);
			path = Model;
			sourceTree = "<group>";
		};
		84F8DE041F5669F7000DF6D0 /* Utlity */ = {
			isa = PBXGroup;
			children = (
				84F8DE051F5669F7000DF6D0 /* AliMgr */,
				84F8DE091F5669F7000DF6D0 /* AliUtil */,
				84F8DE1B1F5669F7000DF6D0 /* AppAPIClient.h */,
				84F8DE1C1F5669F7000DF6D0 /* AppAPIClient.m */,
				84F8DE1D1F5669F7000DF6D0 /* ErrorHandler.h */,
				84F8DE1E1F5669F7000DF6D0 /* ErrorHandler.m */,
				84F8DE1F1F5669F7000DF6D0 /* JSONS.h */,
				84F8DE201F5669F7000DF6D0 /* JSONS.m */,
				84F8DE211F5669F7000DF6D0 /* NSData+Base64.h */,
				84F8DE221F5669F7000DF6D0 /* NSData+Base64.m */,
				84F8DE231F5669F7000DF6D0 /* NSDate+Utility.h */,
				84F8DE241F5669F7000DF6D0 /* NSDate+Utility.m */,
				84F8DE251F5669F7000DF6D0 /* NSDateFormatter+Category.h */,
				84F8DE261F5669F7000DF6D0 /* NSDateFormatter+Category.m */,
				84F8DE271F5669F7000DF6D0 /* NSString+Crypt.h */,
				84F8DE281F5669F7000DF6D0 /* NSString+Crypt.m */,
				84F8DE291F5669F7000DF6D0 /* RequestAPI.h */,
				84F8DE2A1F5669F7000DF6D0 /* RequestAPI.m */,
				84F8DE2B1F5669F7000DF6D0 /* StorageMgr.h */,
				84F8DE2C1F5669F7000DF6D0 /* StorageMgr.m */,
				84F8DE2D1F5669F7000DF6D0 /* UIImage+MDQRCode.h */,
				84F8DE2E1F5669F7000DF6D0 /* UIImage+MDQRCode.m */,
				84F8DE2F1F5669F7000DF6D0 /* Utilities.h */,
				84F8DE301F5669F7000DF6D0 /* Utilities.m */,
			);
			path = Utlity;
			sourceTree = "<group>";
		};
		84F8DE051F5669F7000DF6D0 /* AliMgr */ = {
			isa = PBXGroup;
			children = (
				84F8DE061F5669F7000DF6D0 /* GBAlipayConfig.h */,
				84F8DE071F5669F7000DF6D0 /* GBAlipayManager.h */,
				84F8DE081F5669F7000DF6D0 /* GBAlipayManager.m */,
			);
			path = AliMgr;
			sourceTree = "<group>";
		};
		84F8DE091F5669F7000DF6D0 /* AliUtil */ = {
			isa = PBXGroup;
			children = (
				84F8DE0A1F5669F7000DF6D0 /* base64.h */,
				84F8DE0B1F5669F7000DF6D0 /* base64.m */,
				84F8DE0C1F5669F7000DF6D0 /* config.h */,
				84F8DE0D1F5669F7000DF6D0 /* DataSigner.h */,
				84F8DE0E1F5669F7000DF6D0 /* DataSigner.m */,
				84F8DE0F1F5669F7000DF6D0 /* DataVerifier.h */,
				84F8DE101F5669F7000DF6D0 /* DataVerifier.m */,
				84F8DE111F5669F7000DF6D0 /* MD5DataSigner.h */,
				84F8DE121F5669F7000DF6D0 /* MD5DataSigner.m */,
				84F8DE131F5669F7000DF6D0 /* NSDataEx.h */,
				84F8DE141F5669F7000DF6D0 /* NSDataEx.m */,
				84F8DE151F5669F7000DF6D0 /* openssl_wrapper.h */,
				84F8DE161F5669F7000DF6D0 /* openssl_wrapper.m */,
				84F8DE171F5669F7000DF6D0 /* RSADataSigner.h */,
				84F8DE181F5669F7000DF6D0 /* RSADataSigner.m */,
				84F8DE191F5669F7000DF6D0 /* RSADataVerifier.h */,
				84F8DE1A1F5669F7000DF6D0 /* RSADataVerifier.m */,
			);
			path = AliUtil;
			sourceTree = "<group>";
		};
		84F8DE311F5669F7000DF6D0 /* View */ = {
			isa = PBXGroup;
			children = (
				841D5B261F5697FA00B24FEE /* Main */,
				841D5B251F5697E500B24FEE /* LaunchScreen */,
				841D5B161F568EC900B24FEE /* IssuedStoryboard */,
				841D5B131F568E4500B24FEE /* AirStoryboard */,
				84F8DE321F5669F7000DF6D0 /* Assets.xcassets */,
			);
			path = View;
			sourceTree = "<group>";
		};
/* End PBXGroup section */

/* Begin PBXNativeTarget section */
		84F8DDA21F56692C000DF6D0 /* GetHotel Bussiness */ = {
			isa = PBXNativeTarget;
			buildConfigurationList = 84F8DDD31F56692C000DF6D0 /* Build configuration list for PBXNativeTarget "GetHotel Bussiness" */;
			buildPhases = (
				0E3A5423E85DC03B428DBCB1 /* [CP] Check Pods Manifest.lock */,
				84F8DD9F1F56692C000DF6D0 /* Sources */,
				84F8DDA01F56692C000DF6D0 /* Frameworks */,
				84F8DDA11F56692C000DF6D0 /* Resources */,
				3F6ED5170983C88680E03A03 /* [CP] Embed Pods Frameworks */,
				1C620D9FB55FD9FAB38DF804 /* [CP] Copy Pods Resources */,
			);
			buildRules = (
			);
			dependencies = (
			);
			name = "GetHotel Bussiness";
			productName = "GetHotel Bussiness";
			productReference = 84F8DDA31F56692C000DF6D0 /* GetHotel Bussiness.app */;
			productType = "com.apple.product-type.application";
		};
		84F8DDBE1F56692C000DF6D0 /* GetHotel BussinessTests */ = {
			isa = PBXNativeTarget;
			buildConfigurationList = 84F8DDD61F56692C000DF6D0 /* Build configuration list for PBXNativeTarget "GetHotel BussinessTests" */;
			buildPhases = (
				84F8DDBB1F56692C000DF6D0 /* Sources */,
				84F8DDBC1F56692C000DF6D0 /* Frameworks */,
				84F8DDBD1F56692C000DF6D0 /* Resources */,
			);
			buildRules = (
			);
			dependencies = (
				84F8DDC11F56692C000DF6D0 /* PBXTargetDependency */,
			);
			name = "GetHotel BussinessTests";
			productName = "GetHotel BussinessTests";
			productReference = 84F8DDBF1F56692C000DF6D0 /* GetHotel BussinessTests.xctest */;
			productType = "com.apple.product-type.bundle.unit-test";
		};
		84F8DDC91F56692C000DF6D0 /* GetHotel BussinessUITests */ = {
			isa = PBXNativeTarget;
			buildConfigurationList = 84F8DDD91F56692C000DF6D0 /* Build configuration list for PBXNativeTarget "GetHotel BussinessUITests" */;
			buildPhases = (
				84F8DDC61F56692C000DF6D0 /* Sources */,
				84F8DDC71F56692C000DF6D0 /* Frameworks */,
				84F8DDC81F56692C000DF6D0 /* Resources */,
			);
			buildRules = (
			);
			dependencies = (
				84F8DDCC1F56692C000DF6D0 /* PBXTargetDependency */,
			);
			name = "GetHotel BussinessUITests";
			productName = "GetHotel BussinessUITests";
			productReference = 84F8DDCA1F56692C000DF6D0 /* GetHotel BussinessUITests.xctest */;
			productType = "com.apple.product-type.bundle.ui-testing";
		};
/* End PBXNativeTarget section */

/* Begin PBXProject section */
		84F8DD9B1F56692C000DF6D0 /* Project object */ = {
			isa = PBXProject;
			attributes = {
				LastUpgradeCheck = 0830;
				ORGANIZATIONNAME = Education;
				TargetAttributes = {
					84F8DDA21F56692C000DF6D0 = {
						CreatedOnToolsVersion = 8.3.3;
						ProvisioningStyle = Manual;
					};
					84F8DDBE1F56692C000DF6D0 = {
						CreatedOnToolsVersion = 8.3.3;
						ProvisioningStyle = Automatic;
						TestTargetID = 84F8DDA21F56692C000DF6D0;
					};
					84F8DDC91F56692C000DF6D0 = {
						CreatedOnToolsVersion = 8.3.3;
						ProvisioningStyle = Automatic;
						TestTargetID = 84F8DDA21F56692C000DF6D0;
					};
				};
			};
			buildConfigurationList = 84F8DD9E1F56692C000DF6D0 /* Build configuration list for PBXProject "GetHotel Bussiness" */;
			compatibilityVersion = "Xcode 3.2";
			developmentRegion = English;
			hasScannedForEncodings = 0;
			knownRegions = (
				en,
				Base,
			);
			mainGroup = 84F8DD9A1F56692C000DF6D0;
			productRefGroup = 84F8DDA41F56692C000DF6D0 /* Products */;
			projectDirPath = "";
			projectRoot = "";
			targets = (
				84F8DDA21F56692C000DF6D0 /* GetHotel Bussiness */,
				84F8DDBE1F56692C000DF6D0 /* GetHotel BussinessTests */,
				84F8DDC91F56692C000DF6D0 /* GetHotel BussinessUITests */,
			);
		};
/* End PBXProject section */

/* Begin PBXResourcesBuildPhase section */
		84F8DDA11F56692C000DF6D0 /* Resources */ = {
			isa = PBXResourcesBuildPhase;
			buildActionMask = 2147483647;
			files = (
				84F8DDB91F56692C000DF6D0 /* LaunchScreen.storyboard in Resources */,
				841D5B1E1F56915000B24FEE /* HotelIssued.storyboard in Resources */,
				84F8DE561F5669F7000DF6D0 /* Assets.xcassets in Resources */,
				84F8DE5B1F566A20000DF6D0 /* Cities.plist in Resources */,
				841D5B1A1F568F4A00B24FEE /* AirPrice.storyboard in Resources */,
				847BFE841F6F4BAD0055AA9D /* airport.json in Resources */,
				84F8DDB11F56692C000DF6D0 /* Main.storyboard in Resources */,
				84F8DE5A1F566A20000DF6D0 /* agreement.txt in Resources */,
			);
			runOnlyForDeploymentPostprocessing = 0;
		};
		84F8DDBD1F56692C000DF6D0 /* Resources */ = {
			isa = PBXResourcesBuildPhase;
			buildActionMask = 2147483647;
			files = (
			);
			runOnlyForDeploymentPostprocessing = 0;
		};
		84F8DDC81F56692C000DF6D0 /* Resources */ = {
			isa = PBXResourcesBuildPhase;
			buildActionMask = 2147483647;
			files = (
			);
			runOnlyForDeploymentPostprocessing = 0;
		};
/* End PBXResourcesBuildPhase section */

/* Begin PBXShellScriptBuildPhase section */
		0E3A5423E85DC03B428DBCB1 /* [CP] Check Pods Manifest.lock */ = {
			isa = PBXShellScriptBuildPhase;
			buildActionMask = 2147483647;
			files = (
			);
			inputPaths = (
			);
			name = "[CP] Check Pods Manifest.lock";
			outputPaths = (
			);
			runOnlyForDeploymentPostprocessing = 0;
			shellPath = /bin/sh;
			shellScript = "diff \"${PODS_PODFILE_DIR_PATH}/Podfile.lock\" \"${PODS_ROOT}/Manifest.lock\" > /dev/null\nif [ $? != 0 ] ; then\n    # print error to STDERR\n    echo \"error: The sandbox is not in sync with the Podfile.lock. Run 'pod install' or update your CocoaPods installation.\" >&2\n    exit 1\nfi\n";
			showEnvVarsInLog = 0;
		};
		1C620D9FB55FD9FAB38DF804 /* [CP] Copy Pods Resources */ = {
			isa = PBXShellScriptBuildPhase;
			buildActionMask = 2147483647;
			files = (
			);
			inputPaths = (
			);
			name = "[CP] Copy Pods Resources";
			outputPaths = (
			);
			runOnlyForDeploymentPostprocessing = 0;
			shellPath = /bin/sh;
			shellScript = "\"${SRCROOT}/Pods/Target Support Files/Pods-GetHotel Bussiness/Pods-GetHotel Bussiness-resources.sh\"\n";
			showEnvVarsInLog = 0;
		};
		3F6ED5170983C88680E03A03 /* [CP] Embed Pods Frameworks */ = {
			isa = PBXShellScriptBuildPhase;
			buildActionMask = 2147483647;
			files = (
			);
			inputPaths = (
			);
			name = "[CP] Embed Pods Frameworks";
			outputPaths = (
			);
			runOnlyForDeploymentPostprocessing = 0;
			shellPath = /bin/sh;
			shellScript = "\"${SRCROOT}/Pods/Target Support Files/Pods-GetHotel Bussiness/Pods-GetHotel Bussiness-frameworks.sh\"\n";
			showEnvVarsInLog = 0;
		};
/* End PBXShellScriptBuildPhase section */

/* Begin PBXSourcesBuildPhase section */
		84F8DD9F1F56692C000DF6D0 /* Sources */ = {
			isa = PBXSourcesBuildPhase;
			buildActionMask = 2147483647;
			files = (
				B2A66BDF1F5FDEED00C56B12 /* SelectOfferModel.m in Sources */,
				B22386AC1F5CE6F30017B531 /* CityListModel.m in Sources */,
				B2D27FDA1F6659C40020A1DB /* staleModel.m in Sources */,
				84F8DE491F5669F7000DF6D0 /* RSADataSigner.m in Sources */,
				B287A2471F59539600AF36E7 /* OfferViewController.m in Sources */,
				84F8DE431F5669F7000DF6D0 /* base64.m in Sources */,
				84F8DE411F5669F7000DF6D0 /* Order.m in Sources */,
				84F8DE461F5669F7000DF6D0 /* MD5DataSigner.m in Sources */,
				84F8DE551F5669F7000DF6D0 /* Utilities.m in Sources */,
				B287A2441F58FBE200AF36E7 /* staleTableViewCell.m in Sources */,
				84675FF81F6138A200CB3874 /* FindHotelModel.m in Sources */,
				846F1CDE1F62310A00D4FABA /* addHotelModel.m in Sources */,
				84F8DDB41F56692C000DF6D0 /* GetHotel_Bussiness.xcdatamodeld in Sources */,
				84F8DE521F5669F7000DF6D0 /* RequestAPI.m in Sources */,
				84F8DE351F5669F7000DF6D0 /* bitstream.m in Sources */,
				84F8DE471F5669F7000DF6D0 /* NSDataEx.m in Sources */,
				84F8DE481F5669F7000DF6D0 /* openssl_wrapper.m in Sources */,
				84F8DE3D1F5669F7000DF6D0 /* SKTag.m in Sources */,
				841D5B291F56B16F00B24FEE /* ReleaseHotelViewController.m in Sources */,
				B2D27FD71F6622EC0020A1DB /* offerModel.m in Sources */,
				84F8DE531F5669F7000DF6D0 /* StorageMgr.m in Sources */,
				84F8DE4F1F5669F7000DF6D0 /* NSDate+Utility.m in Sources */,
				84F8DE511F5669F7000DF6D0 /* NSString+Crypt.m in Sources */,
				84F8DE3E1F5669F7000DF6D0 /* SKTagButton.m in Sources */,
				84F8DE441F5669F7000DF6D0 /* DataSigner.m in Sources */,
				84F8DE331F5669F7000DF6D0 /* DOPDropDownMenu.m in Sources */,
				841D5B211F56923A00B24FEE /* AirPriceViewController.m in Sources */,
				84F8DE3C1F5669F7000DF6D0 /* BasicEncodingRules.m in Sources */,
				84F8DE4E1F5669F7000DF6D0 /* NSData+Base64.m in Sources */,
				84F8DE4A1F5669F7000DF6D0 /* RSADataVerifier.m in Sources */,
				841D5B241F56943300B24FEE /* HotelIssuedViewController.m in Sources */,
				84F8DE391F5669F7000DF6D0 /* qrspec.m in Sources */,
				84F8DE361F5669F7000DF6D0 /* mask.m in Sources */,
				841D5B2C1F56B48A00B24FEE /* MyHotelTableViewCell.m in Sources */,
				84F8DE541F5669F7000DF6D0 /* UIImage+MDQRCode.m in Sources */,
				84F8DDAB1F56692C000DF6D0 /* AppDelegate.m in Sources */,
				84F8DE421F5669F7000DF6D0 /* GBAlipayManager.m in Sources */,
				84F8DE4C1F5669F7000DF6D0 /* ErrorHandler.m in Sources */,
				84F8DE3B1F5669F7000DF6D0 /* split.m in Sources */,
				84F8DE381F5669F7000DF6D0 /* qrinput.m in Sources */,
				84F8DE3F1F5669F7000DF6D0 /* SKTagView.m in Sources */,
				B22386A91F5CE2D70017B531 /* CityListViewController.m in Sources */,
				84F8DE501F5669F7000DF6D0 /* NSDateFormatter+Category.m in Sources */,
				B2E7A4C31F5802AE00854477 /* AirPriceTableViewCell.m in Sources */,
				B2F2538A1F5A54B500782901 /* quoteTableViewCell.m in Sources */,
				84F8DE451F5669F7000DF6D0 /* DataVerifier.m in Sources */,
				84F8DE4B1F5669F7000DF6D0 /* AppAPIClient.m in Sources */,
				84F8DDA81F56692C000DF6D0 /* main.m in Sources */,
				84F8DE371F5669F7000DF6D0 /* qrencode.m in Sources */,
				84F8DE4D1F5669F7000DF6D0 /* JSONS.m in Sources */,
				84F8DE341F5669F7000DF6D0 /* HMSegmentedControl.m in Sources */,
				84675FFC1F6139CC00CB3874 /* ZLImageViewDisplayView.m in Sources */,
				84F8DE3A1F5669F7000DF6D0 /* rscode.m in Sources */,
			);
			runOnlyForDeploymentPostprocessing = 0;
		};
		84F8DDBB1F56692C000DF6D0 /* Sources */ = {
			isa = PBXSourcesBuildPhase;
			buildActionMask = 2147483647;
			files = (
				84F8DDC41F56692C000DF6D0 /* GetHotel_BussinessTests.m in Sources */,
			);
			runOnlyForDeploymentPostprocessing = 0;
		};
		84F8DDC61F56692C000DF6D0 /* Sources */ = {
			isa = PBXSourcesBuildPhase;
			buildActionMask = 2147483647;
			files = (
				84F8DDCF1F56692C000DF6D0 /* GetHotel_BussinessUITests.m in Sources */,
			);
			runOnlyForDeploymentPostprocessing = 0;
		};
/* End PBXSourcesBuildPhase section */

/* Begin PBXTargetDependency section */
		84F8DDC11F56692C000DF6D0 /* PBXTargetDependency */ = {
			isa = PBXTargetDependency;
			target = 84F8DDA21F56692C000DF6D0 /* GetHotel Bussiness */;
			targetProxy = 84F8DDC01F56692C000DF6D0 /* PBXContainerItemProxy */;
		};
		84F8DDCC1F56692C000DF6D0 /* PBXTargetDependency */ = {
			isa = PBXTargetDependency;
			target = 84F8DDA21F56692C000DF6D0 /* GetHotel Bussiness */;
			targetProxy = 84F8DDCB1F56692C000DF6D0 /* PBXContainerItemProxy */;
		};
/* End PBXTargetDependency section */

/* Begin PBXVariantGroup section */
		84F8DDAF1F56692C000DF6D0 /* Main.storyboard */ = {
			isa = PBXVariantGroup;
			children = (
				84F8DDB01F56692C000DF6D0 /* Base */,
			);
			name = Main.storyboard;
			path = ..;
			sourceTree = "<group>";
		};
		84F8DDB71F56692C000DF6D0 /* LaunchScreen.storyboard */ = {
			isa = PBXVariantGroup;
			children = (
				84F8DDB81F56692C000DF6D0 /* Base */,
			);
			name = LaunchScreen.storyboard;
			path = ..;
			sourceTree = "<group>";
		};
/* End PBXVariantGroup section */

/* Begin XCBuildConfiguration section */
		84F8DDD11F56692C000DF6D0 /* Debug */ = {
			isa = XCBuildConfiguration;
			buildSettings = {
				ALWAYS_SEARCH_USER_PATHS = NO;
				CLANG_ANALYZER_NONNULL = YES;
				CLANG_ANALYZER_NUMBER_OBJECT_CONVERSION = YES_AGGRESSIVE;
				CLANG_CXX_LANGUAGE_STANDARD = "gnu++0x";
				CLANG_CXX_LIBRARY = "libc++";
				CLANG_ENABLE_MODULES = YES;
				CLANG_ENABLE_OBJC_ARC = YES;
				CLANG_WARN_BOOL_CONVERSION = YES;
				CLANG_WARN_CONSTANT_CONVERSION = YES;
				CLANG_WARN_DIRECT_OBJC_ISA_USAGE = YES_ERROR;
				CLANG_WARN_DOCUMENTATION_COMMENTS = YES;
				CLANG_WARN_EMPTY_BODY = YES;
				CLANG_WARN_ENUM_CONVERSION = YES;
				CLANG_WARN_INFINITE_RECURSION = YES;
				CLANG_WARN_INT_CONVERSION = YES;
				CLANG_WARN_OBJC_ROOT_CLASS = YES_ERROR;
				CLANG_WARN_SUSPICIOUS_MOVE = YES;
				CLANG_WARN_UNREACHABLE_CODE = YES;
				CLANG_WARN__DUPLICATE_METHOD_MATCH = YES;
				"CODE_SIGN_IDENTITY[sdk=iphoneos*]" = "iPhone Developer";
				COPY_PHASE_STRIP = NO;
				DEBUG_INFORMATION_FORMAT = dwarf;
				ENABLE_STRICT_OBJC_MSGSEND = YES;
				ENABLE_TESTABILITY = YES;
				GCC_C_LANGUAGE_STANDARD = gnu99;
				GCC_DYNAMIC_NO_PIC = NO;
				GCC_NO_COMMON_BLOCKS = YES;
				GCC_OPTIMIZATION_LEVEL = 0;
				GCC_PREPROCESSOR_DEFINITIONS = (
					"DEBUG=1",
					"$(inherited)",
				);
				GCC_WARN_64_TO_32_BIT_CONVERSION = YES;
				GCC_WARN_ABOUT_RETURN_TYPE = YES_ERROR;
				GCC_WARN_UNDECLARED_SELECTOR = YES;
				GCC_WARN_UNINITIALIZED_AUTOS = YES_AGGRESSIVE;
				GCC_WARN_UNUSED_FUNCTION = YES;
				GCC_WARN_UNUSED_VARIABLE = YES;
				IPHONEOS_DEPLOYMENT_TARGET = 10.3;
				MTL_ENABLE_DEBUG_INFO = YES;
				ONLY_ACTIVE_ARCH = YES;
				SDKROOT = iphoneos;
				TARGETED_DEVICE_FAMILY = "1,2";
			};
			name = Debug;
		};
		84F8DDD21F56692C000DF6D0 /* Release */ = {
			isa = XCBuildConfiguration;
			buildSettings = {
				ALWAYS_SEARCH_USER_PATHS = NO;
				CLANG_ANALYZER_NONNULL = YES;
				CLANG_ANALYZER_NUMBER_OBJECT_CONVERSION = YES_AGGRESSIVE;
				CLANG_CXX_LANGUAGE_STANDARD = "gnu++0x";
				CLANG_CXX_LIBRARY = "libc++";
				CLANG_ENABLE_MODULES = YES;
				CLANG_ENABLE_OBJC_ARC = YES;
				CLANG_WARN_BOOL_CONVERSION = YES;
				CLANG_WARN_CONSTANT_CONVERSION = YES;
				CLANG_WARN_DIRECT_OBJC_ISA_USAGE = YES_ERROR;
				CLANG_WARN_DOCUMENTATION_COMMENTS = YES;
				CLANG_WARN_EMPTY_BODY = YES;
				CLANG_WARN_ENUM_CONVERSION = YES;
				CLANG_WARN_INFINITE_RECURSION = YES;
				CLANG_WARN_INT_CONVERSION = YES;
				CLANG_WARN_OBJC_ROOT_CLASS = YES_ERROR;
				CLANG_WARN_SUSPICIOUS_MOVE = YES;
				CLANG_WARN_UNREACHABLE_CODE = YES;
				CLANG_WARN__DUPLICATE_METHOD_MATCH = YES;
				"CODE_SIGN_IDENTITY[sdk=iphoneos*]" = "iPhone Developer";
				COPY_PHASE_STRIP = NO;
				DEBUG_INFORMATION_FORMAT = "dwarf-with-dsym";
				ENABLE_NS_ASSERTIONS = NO;
				ENABLE_STRICT_OBJC_MSGSEND = YES;
				GCC_C_LANGUAGE_STANDARD = gnu99;
				GCC_NO_COMMON_BLOCKS = YES;
				GCC_WARN_64_TO_32_BIT_CONVERSION = YES;
				GCC_WARN_ABOUT_RETURN_TYPE = YES_ERROR;
				GCC_WARN_UNDECLARED_SELECTOR = YES;
				GCC_WARN_UNINITIALIZED_AUTOS = YES_AGGRESSIVE;
				GCC_WARN_UNUSED_FUNCTION = YES;
				GCC_WARN_UNUSED_VARIABLE = YES;
				IPHONEOS_DEPLOYMENT_TARGET = 10.3;
				MTL_ENABLE_DEBUG_INFO = NO;
				SDKROOT = iphoneos;
				TARGETED_DEVICE_FAMILY = "1,2";
				VALIDATE_PRODUCT = YES;
			};
			name = Release;
		};
		84F8DDD41F56692C000DF6D0 /* Debug */ = {
			isa = XCBuildConfiguration;
			baseConfigurationReference = 34BDB21FE6CB3E9A7B4E1723 /* Pods-GetHotel Bussiness.debug.xcconfig */;
			buildSettings = {
				ASSETCATALOG_COMPILER_APPICON_NAME = AppIcon;
				DEVELOPMENT_TEAM = "";
				ENABLE_BITCODE = NO;
				FRAMEWORK_SEARCH_PATHS = (
					"$(inherited)",
					"$(PROJECT_DIR)/GetHotel\\ Bussiness",
					"$(PROJECT_DIR)/GetHotel\\ Bussiness",
					"$(PROJECT_DIR)/GetHotel\\ Bussiness",
				);
				GCC_PRECOMPILE_PREFIX_HEADER = YES;
				GCC_PREFIX_HEADER = "GetHotel Bussiness/PrefixHeader.pch";
				INFOPLIST_FILE = "GetHotel Bussiness/Info.plist";
				IPHONEOS_DEPLOYMENT_TARGET = 9.0;
				LD_RUNPATH_SEARCH_PATHS = "$(inherited) @executable_path/Frameworks";
				LIBRARY_SEARCH_PATHS = (
					"$(inherited)",
					"$(PROJECT_DIR)/GetHotel\\ Bussiness",
					"$(PROJECT_DIR)/GetHotel\\ Bussiness",
				);
				PRODUCT_BUNDLE_IDENTIFIER = com.edu.GHBussiness;
				PRODUCT_NAME = "$(TARGET_NAME)";
				PROVISIONING_PROFILE_SPECIFIER = "";
			};
			name = Debug;
		};
		84F8DDD51F56692C000DF6D0 /* Release */ = {
			isa = XCBuildConfiguration;
			baseConfigurationReference = 8065AAC638376F0624A080EA /* Pods-GetHotel Bussiness.release.xcconfig */;
			buildSettings = {
				ASSETCATALOG_COMPILER_APPICON_NAME = AppIcon;
				DEVELOPMENT_TEAM = "";
				ENABLE_BITCODE = NO;
				FRAMEWORK_SEARCH_PATHS = (
					"$(inherited)",
					"$(PROJECT_DIR)/GetHotel\\ Bussiness",
					"$(PROJECT_DIR)/GetHotel\\ Bussiness",
					"$(PROJECT_DIR)/GetHotel\\ Bussiness",
				);
				GCC_PRECOMPILE_PREFIX_HEADER = YES;
				GCC_PREFIX_HEADER = "GetHotel Bussiness/PrefixHeader.pch";
				INFOPLIST_FILE = "GetHotel Bussiness/Info.plist";
				IPHONEOS_DEPLOYMENT_TARGET = 9.0;
				LD_RUNPATH_SEARCH_PATHS = "$(inherited) @executable_path/Frameworks";
				LIBRARY_SEARCH_PATHS = (
					"$(inherited)",
					"$(PROJECT_DIR)/GetHotel\\ Bussiness",
					"$(PROJECT_DIR)/GetHotel\\ Bussiness",
				);
				PRODUCT_BUNDLE_IDENTIFIER = com.edu.GHBussiness;
				PRODUCT_NAME = "$(TARGET_NAME)";
				PROVISIONING_PROFILE_SPECIFIER = "";
			};
			name = Release;
		};
		84F8DDD71F56692C000DF6D0 /* Debug */ = {
			isa = XCBuildConfiguration;
			buildSettings = {
				BUNDLE_LOADER = "$(TEST_HOST)";
				INFOPLIST_FILE = "GetHotel BussinessTests/Info.plist";
				LD_RUNPATH_SEARCH_PATHS = "$(inherited) @executable_path/Frameworks @loader_path/Frameworks";
				PRODUCT_BUNDLE_IDENTIFIER = "self.edu.GetHotel-BussinessTests";
				PRODUCT_NAME = "$(TARGET_NAME)";
				TEST_HOST = "$(BUILT_PRODUCTS_DIR)/GetHotel Bussiness.app/GetHotel Bussiness";
			};
			name = Debug;
		};
		84F8DDD81F56692C000DF6D0 /* Release */ = {
			isa = XCBuildConfiguration;
			buildSettings = {
				BUNDLE_LOADER = "$(TEST_HOST)";
				INFOPLIST_FILE = "GetHotel BussinessTests/Info.plist";
				LD_RUNPATH_SEARCH_PATHS = "$(inherited) @executable_path/Frameworks @loader_path/Frameworks";
				PRODUCT_BUNDLE_IDENTIFIER = "self.edu.GetHotel-BussinessTests";
				PRODUCT_NAME = "$(TARGET_NAME)";
				TEST_HOST = "$(BUILT_PRODUCTS_DIR)/GetHotel Bussiness.app/GetHotel Bussiness";
			};
			name = Release;
		};
		84F8DDDA1F56692C000DF6D0 /* Debug */ = {
			isa = XCBuildConfiguration;
			buildSettings = {
				INFOPLIST_FILE = "GetHotel BussinessUITests/Info.plist";
				LD_RUNPATH_SEARCH_PATHS = "$(inherited) @executable_path/Frameworks @loader_path/Frameworks";
				PRODUCT_BUNDLE_IDENTIFIER = "self.edu.GetHotel-BussinessUITests";
				PRODUCT_NAME = "$(TARGET_NAME)";
				TEST_TARGET_NAME = "GetHotel Bussiness";
			};
			name = Debug;
		};
		84F8DDDB1F56692C000DF6D0 /* Release */ = {
			isa = XCBuildConfiguration;
			buildSettings = {
				INFOPLIST_FILE = "GetHotel BussinessUITests/Info.plist";
				LD_RUNPATH_SEARCH_PATHS = "$(inherited) @executable_path/Frameworks @loader_path/Frameworks";
				PRODUCT_BUNDLE_IDENTIFIER = "self.edu.GetHotel-BussinessUITests";
				PRODUCT_NAME = "$(TARGET_NAME)";
				TEST_TARGET_NAME = "GetHotel Bussiness";
			};
			name = Release;
		};
/* End XCBuildConfiguration section */

/* Begin XCConfigurationList section */
		84F8DD9E1F56692C000DF6D0 /* Build configuration list for PBXProject "GetHotel Bussiness" */ = {
			isa = XCConfigurationList;
			buildConfigurations = (
				84F8DDD11F56692C000DF6D0 /* Debug */,
				84F8DDD21F56692C000DF6D0 /* Release */,
			);
			defaultConfigurationIsVisible = 0;
			defaultConfigurationName = Release;
		};
		84F8DDD31F56692C000DF6D0 /* Build configuration list for PBXNativeTarget "GetHotel Bussiness" */ = {
			isa = XCConfigurationList;
			buildConfigurations = (
				84F8DDD41F56692C000DF6D0 /* Debug */,
				84F8DDD51F56692C000DF6D0 /* Release */,
			);
			defaultConfigurationIsVisible = 0;
			defaultConfigurationName = Release;
		};
		84F8DDD61F56692C000DF6D0 /* Build configuration list for PBXNativeTarget "GetHotel BussinessTests" */ = {
			isa = XCConfigurationList;
			buildConfigurations = (
				84F8DDD71F56692C000DF6D0 /* Debug */,
				84F8DDD81F56692C000DF6D0 /* Release */,
			);
			defaultConfigurationIsVisible = 0;
			defaultConfigurationName = Release;
		};
		84F8DDD91F56692C000DF6D0 /* Build configuration list for PBXNativeTarget "GetHotel BussinessUITests" */ = {
			isa = XCConfigurationList;
			buildConfigurations = (
				84F8DDDA1F56692C000DF6D0 /* Debug */,
				84F8DDDB1F56692C000DF6D0 /* Release */,
			);
			defaultConfigurationIsVisible = 0;
			defaultConfigurationName = Release;
		};
/* End XCConfigurationList section */

/* Begin XCVersionGroup section */
		84F8DDB21F56692C000DF6D0 /* GetHotel_Bussiness.xcdatamodeld */ = {
			isa = XCVersionGroup;
			children = (
				84F8DDB31F56692C000DF6D0 /* GetHotel_Bussiness.xcdatamodel */,
			);
			currentVersion = 84F8DDB31F56692C000DF6D0 /* GetHotel_Bussiness.xcdatamodel */;
			name = GetHotel_Bussiness.xcdatamodeld;
			path = ../GetHotel_Bussiness.xcdatamodeld;
			sourceTree = "<group>";
			versionGroupType = wrapper.xcdatamodel;
		};
/* End XCVersionGroup section */
	};
	rootObject = 84F8DD9B1F56692C000DF6D0 /* Project object */;
}
